Microsoft Visual Studio Solution File, Format Version 12.00
# Visual Studio 2012
Project("{FAE04EC0-301F-11D3-BF4B-00C04F79EFBC}") = "lobby", "lobby.csproj", "{37DB35B3-2EB1-40DB-9F4D-B9621F54FB34}"
EndProject
Global
	GlobalSection(SolutionConfigurationPlatforms) = preSolution
	Debug|Any CPU = Debug|Any CPU
	ExportDebug|Any CPU = ExportDebug|Any CPU
	ExportRelease|Any CPU = ExportRelease|Any CPU
	EndGlobalSection
	GlobalSection(ProjectConfigurationPlatforms) = postSolution
		{37DB35B3-2EB1-40DB-9F4D-B9621F54FB34}.Debug|Any CPU.ActiveCfg = Debug|Any CPU
		{37DB35B3-2EB1-40DB-9F4D-B9621F54FB34}.Debug|Any CPU.Build.0 = Debug|Any CPU
		{37DB35B3-2EB1-40DB-9F4D-B9621F54FB34}.ExportDebug|Any CPU.ActiveCfg = ExportDebug|Any CPU
		{37DB35B3-2EB1-40DB-9F4D-B9621F54FB34}.ExportDebug|Any CPU.Build.0 = ExportDebug|Any CPU
		{37DB35B3-2EB1-40DB-9F4D-B9621F54FB34}.ExportRelease|Any CPU.ActiveCfg = ExportRelease|Any CPU
		{37DB35B3-2EB1-40DB-9F4D-B9621F54FB34}.ExportRelease|Any CPU.Build.0 = ExportRelease|Any CPU
	EndGlobalSection
EndGlobal
